
Microsoft Visual Studio Solution File, Format Version 12.00
# Visual Studio Version 17
VisualStudioVersion = 17.12.35521.163
MinimumVisualStudioVersion = 10.0.40219.1
Project("{9A19103F-16F7-4668-BE54-9A1E7A4F7556}") = "HallManagement", "HallManagement\HallManagement.csproj", "{F52BF78C-BA8D-4B62-8CEF-223642C67D90}"
EndProject
Project("{FAE04EC0-301F-11D3-BF4B-00C04F79EFBC}") = "HallManagement.Shared", "HallManagement.Shared\HallManagement.Shared.csproj", "{339F72DC-7442-4E03-AB03-7C53F9F12688}"
EndProject
Global
	GlobalSection(SolutionConfigurationPlatforms) = preSolution
		Debug|Any CPU = Debug|Any CPU
		Release|Any CPU = Release|Any CPU
	EndGlobalSection
	GlobalSection(ProjectConfigurationPlatforms) = postSolution
		{F52BF78C-BA8D-4B62-8CEF-223642C67D90}.Debug|Any CPU.ActiveCfg = Debug|Any CPU
		{F52BF78C-BA8D-4B62-8CEF-223642C67D90}.Debug|Any CPU.Build.0 = Debug|Any CPU
		{F52BF78C-BA8D-4B62-8CEF-223642C67D90}.Release|Any CPU.ActiveCfg = Release|Any CPU
		{F52BF78C-BA8D-4B62-8CEF-223642C67D90}.Release|Any CPU.Build.0 = Release|Any CPU
		{339F72DC-7442-4E03-AB03-7C53F9F12688}.Debug|Any CPU.ActiveCfg = Debug|Any CPU
		{339F72DC-7442-4E03-AB03-7C53F9F12688}.Debug|Any CPU.Build.0 = Debug|Any CPU
		{339F72DC-7442-4E03-AB03-7C53F9F12688}.Release|Any CPU.ActiveCfg = Release|Any CPU
		{339F72DC-7442-4E03-AB03-7C53F9F12688}.Release|Any CPU.Build.0 = Release|Any CPU
	EndGlobalSection
	GlobalSection(SolutionProperties) = preSolution
		HideSolutionNode = FALSE
	EndGlobalSection
	GlobalSection(ExtensibilityGlobals) = postSolution
		SolutionGuid = {03C115B6-F250-4148-B56A-5ED0A946A5EE}
	EndGlobalSection
EndGlobal
